
Microsoft Visual Studio Solution File, Format Version 12.00
# Visual Studio Version 16
VisualStudioVersion = 16.0.32126.315
MinimumVisualStudioVersion = 10.0.40219.1
Project("{FAE04EC0-301F-11D3-BF4B-00C04F79EFBC}") = "LinqMethods", "LinqMethods\LinqMethods.csproj", "{1F4E9D83-43A1-4E5A-92F6-1BD3376AEACC}"
EndProject
Global
	GlobalSection(SolutionConfigurationPlatforms) = preSolution
		Debug|Any CPU = Debug|Any CPU
		Release|Any CPU = Release|Any CPU
	EndGlobalSection
	GlobalSection(ProjectConfigurationPlatforms) = postSolution
		{1F4E9D83-43A1-4E5A-92F6-1BD3376AEACC}.Debug|Any CPU.ActiveCfg = Debug|Any CPU
		{1F4E9D83-43A1-4E5A-92F6-1BD3376AEACC}.Debug|Any CPU.Build.0 = Debug|Any CPU
		{1F4E9D83-43A1-4E5A-92F6-1BD3376AEACC}.Release|Any CPU.ActiveCfg = Release|Any CPU
		{1F4E9D83-43A1-4E5A-92F6-1BD3376AEACC}.Release|Any CPU.Build.0 = Release|Any CPU
	EndGlobalSection
	GlobalSection(SolutionProperties) = preSolution
		HideSolutionNode = FALSE
	EndGlobalSection
	GlobalSection(ExtensibilityGlobals) = postSolution
		SolutionGuid = {EB5071AC-2637-4C66-B490-EEB6E2BB9AB3}
	EndGlobalSection
EndGlobal
